// !$*UTF8*$!
{
	archiveVersion = 1;
	classes = {
	};
	objectVersion = 56;
	objects = {

/* Begin PBXBuildFile section */
		A0BB586D2C23938D00C828EB /* LingoSoundApp.swift in Sources */ = {isa = PBXBuildFile; fileRef = A0BB586C2C23938D00C828EB /* LingoSoundApp.swift */; };
		A0BB586F2C23938D00C828EB /* ContentView.swift in Sources */ = {isa = PBXBuildFile; fileRef = A0BB586E2C23938D00C828EB /* ContentView.swift */; };
		A0BB58712C23939000C828EB /* Assets.xcassets in Resources */ = {isa = PBXBuildFile; fileRef = A0BB58702C23939000C828EB /* Assets.xcassets */; };
		A0BB58742C23939000C828EB /* Preview Assets.xcassets in Resources */ = {isa = PBXBuildFile; fileRef = A0BB58732C23939000C828EB /* Preview Assets.xcassets */; };
		A0BB58762C23939000C828EB /* Persistence.swift in Sources */ = {isa = PBXBuildFile; fileRef = A0BB58752C23939000C828EB /* Persistence.swift */; };
		A0BB58792C23939000C828EB /* LingoSound.xcdatamodeld in Sources */ = {isa = PBXBuildFile; fileRef = A0BB58772C23939000C828EB /* LingoSound.xcdatamodeld */; };
		A0BB58832C23939000C828EB /* LingoSoundTests.swift in Sources */ = {isa = PBXBuildFile; fileRef = A0BB58822C23939000C828EB /* LingoSoundTests.swift */; };
		A0BB588D2C23939100C828EB /* LingoSoundUITests.swift in Sources */ = {isa = PBXBuildFile; fileRef = A0BB588C2C23939100C828EB /* LingoSoundUITests.swift */; };
		A0BB588F2C23939100C828EB /* LingoSoundUITestsLaunchTests.swift in Sources */ = {isa = PBXBuildFile; fileRef = A0BB588E2C23939100C828EB /* LingoSoundUITestsLaunchTests.swift */; };
		A0BB58A32C24EA2400C828EB /* Constants.swift in Sources */ = {isa = PBXBuildFile; fileRef = A0BB58A22C24EA2400C828EB /* Constants.swift */; };
		A0BB58A52C252E2400C828EB /* Account.swift in Sources */ = {isa = PBXBuildFile; fileRef = A0BB58A42C252E2400C828EB /* Account.swift */; };
		A0BB58A72C252ED000C828EB /* AccountViewModel.swift in Sources */ = {isa = PBXBuildFile; fileRef = A0BB58A62C252ED000C828EB /* AccountViewModel.swift */; };
		A0BB58A92C2532BC00C828EB /* AuthenticationServices.swift in Sources */ = {isa = PBXBuildFile; fileRef = A0BB58A82C2532BC00C828EB /* AuthenticationServices.swift */; };
/* End PBXBuildFile section */

/* Begin PBXContainerItemProxy section */
		A0BB587F2C23939000C828EB /* PBXContainerItemProxy */ = {
			isa = PBXContainerItemProxy;
			containerPortal = A0BB58612C23938D00C828EB /* Project object */;
			proxyType = 1;
			remoteGlobalIDString = A0BB58682C23938D00C828EB;
			remoteInfo = LingoSound;
		};
		A0BB58892C23939100C828EB /* PBXContainerItemProxy */ = {
			isa = PBXContainerItemProxy;
			containerPortal = A0BB58612C23938D00C828EB /* Project object */;
			proxyType = 1;
			remoteGlobalIDString = A0BB58682C23938D00C828EB;
			remoteInfo = LingoSound;
		};
/* End PBXContainerItemProxy section */

/* Begin PBXFileReference section */
		A0BB58692C23938D00C828EB /* LingoSound.app */ = {isa = PBXFileReference; explicitFileType = wrapper.application; includeInIndex = 0; path = LingoSound.app; sourceTree = BUILT_PRODUCTS_DIR; };
		A0BB586C2C23938D00C828EB /* LingoSoundApp.swift */ = {isa = PBXFileReference; lastKnownFileType = sourcecode.swift; path = LingoSoundApp.swift; sourceTree = "<group>"; };
		A0BB586E2C23938D00C828EB /* ContentView.swift */ = {isa = PBXFileReference; lastKnownFileType = sourcecode.swift; path = ContentView.swift; sourceTree = "<group>"; };
		A0BB58702C23939000C828EB /* Assets.xcassets */ = {isa = PBXFileReference; lastKnownFileType = folder.assetcatalog; path = Assets.xcassets; sourceTree = "<group>"; };
		A0BB58732C23939000C828EB /* Preview Assets.xcassets */ = {isa = PBXFileReference; lastKnownFileType = folder.assetcatalog; path = "Preview Assets.xcassets"; sourceTree = "<group>"; };
		A0BB58752C23939000C828EB /* Persistence.swift */ = {isa = PBXFileReference; lastKnownFileType = sourcecode.swift; path = Persistence.swift; sourceTree = "<group>"; };
		A0BB58782C23939000C828EB /* LingoSound.xcdatamodel */ = {isa = PBXFileReference; lastKnownFileType = wrapper.xcdatamodel; path = LingoSound.xcdatamodel; sourceTree = "<group>"; };
		A0BB587E2C23939000C828EB /* LingoSoundTests.xctest */ = {isa = PBXFileReference; explicitFileType = wrapper.cfbundle; includeInIndex = 0; path = LingoSoundTests.xctest; sourceTree = BUILT_PRODUCTS_DIR; };
		A0BB58822C23939000C828EB /* LingoSoundTests.swift */ = {isa = PBXFileReference; lastKnownFileType = sourcecode.swift; path = LingoSoundTests.swift; sourceTree = "<group>"; };
		A0BB58882C23939100C828EB /* LingoSoundUITests.xctest */ = {isa = PBXFileReference; explicitFileType = wrapper.cfbundle; includeInIndex = 0; path = LingoSoundUITests.xctest; sourceTree = BUILT_PRODUCTS_DIR; };
		A0BB588C2C23939100C828EB /* LingoSoundUITests.swift */ = {isa = PBXFileReference; lastKnownFileType = sourcecode.swift; path = LingoSoundUITests.swift; sourceTree = "<group>"; };
		A0BB588E2C23939100C828EB /* LingoSoundUITestsLaunchTests.swift */ = {isa = PBXFileReference; lastKnownFileType = sourcecode.swift; path = LingoSoundUITestsLaunchTests.swift; sourceTree = "<group>"; };
		A0BB58A22C24EA2400C828EB /* Constants.swift */ = {isa = PBXFileReference; lastKnownFileType = sourcecode.swift; path = Constants.swift; sourceTree = "<group>"; };
		A0BB58A42C252E2400C828EB /* Account.swift */ = {isa = PBXFileReference; lastKnownFileType = sourcecode.swift; path = Account.swift; sourceTree = "<group>"; };
		A0BB58A62C252ED000C828EB /* AccountViewModel.swift */ = {isa = PBXFileReference; lastKnownFileType = sourcecode.swift; path = AccountViewModel.swift; sourceTree = "<group>"; };
		A0BB58A82C2532BC00C828EB /* AuthenticationServices.swift */ = {isa = PBXFileReference; lastKnownFileType = sourcecode.swift; path = AuthenticationServices.swift; sourceTree = "<group>"; };
/* End PBXFileReference section */

/* Begin PBXFrameworksBuildPhase section */
		A0BB58662C23938D00C828EB /* Frameworks */ = {
			isa = PBXFrameworksBuildPhase;
			buildActionMask = 2147483647;
			files = (
			);
			runOnlyForDeploymentPostprocessing = 0;
		};
		A0BB587B2C23939000C828EB /* Frameworks */ = {
			isa = PBXFrameworksBuildPhase;
			buildActionMask = 2147483647;
			files = (
			);
			runOnlyForDeploymentPostprocessing = 0;
		};
		A0BB58852C23939100C828EB /* Frameworks */ = {
			isa = PBXFrameworksBuildPhase;
			buildActionMask = 2147483647;
			files = (
			);
			runOnlyForDeploymentPostprocessing = 0;
		};
/* End PBXFrameworksBuildPhase section */

/* Begin PBXGroup section */
		A0BB58602C23938D00C828EB = {
			isa = PBXGroup;
			children = (
				A0BB586B2C23938D00C828EB /* LingoSound */,
				A0BB58812C23939000C828EB /* LingoSoundTests */,
				A0BB588B2C23939100C828EB /* LingoSoundUITests */,
				A0BB586A2C23938D00C828EB /* Products */,
			);
			sourceTree = "<group>";
		};
		A0BB586A2C23938D00C828EB /* Products */ = {
			isa = PBXGroup;
			children = (
				A0BB58692C23938D00C828EB /* LingoSound.app */,
				A0BB587E2C23939000C828EB /* LingoSoundTests.xctest */,
				A0BB58882C23939100C828EB /* LingoSoundUITests.xctest */,
			);
			name = Products;
			sourceTree = "<group>";
		};
		A0BB586B2C23938D00C828EB /* LingoSound */ = {
			isa = PBXGroup;
			children = (
				A0BB58A02C239AA100C828EB /* Utilities */,
				A0BB589F2C239A9800C828EB /* Services */,
				A0BB589E2C239A6700C828EB /* Models */,
				A0BB589D2C239A5F00C828EB /* App */,
				A0BB589C2C2399D000C828EB /* Resources */,
				A0BB589B2C2399C400C828EB /* Scenes */,
				A0BB58702C23939000C828EB /* Assets.xcassets */,
				A0BB58752C23939000C828EB /* Persistence.swift */,
				A0BB58772C23939000C828EB /* LingoSound.xcdatamodeld */,
			);
			path = LingoSound;
			sourceTree = "<group>";
		};
		A0BB58722C23939000C828EB /* Preview Content */ = {
			isa = PBXGroup;
			children = (
				A0BB58732C23939000C828EB /* Preview Assets.xcassets */,
			);
			path = "Preview Content";
			sourceTree = "<group>";
		};
		A0BB58812C23939000C828EB /* LingoSoundTests */ = {
			isa = PBXGroup;
			children = (
				A0BB58822C23939000C828EB /* LingoSoundTests.swift */,
			);
			path = LingoSoundTests;
			sourceTree = "<group>";
		};
		A0BB588B2C23939100C828EB /* LingoSoundUITests */ = {
			isa = PBXGroup;
			children = (
				A0BB588C2C23939100C828EB /* LingoSoundUITests.swift */,
				A0BB588E2C23939100C828EB /* LingoSoundUITestsLaunchTests.swift */,
			);
			path = LingoSoundUITests;
			sourceTree = "<group>";
		};
		A0BB589B2C2399C400C828EB /* Scenes */ = {
			isa = PBXGroup;
			children = (
				A0BB58A12C239D5A00C828EB /* Account */,
			);
			path = Scenes;
			sourceTree = "<group>";
		};
		A0BB589C2C2399D000C828EB /* Resources */ = {
			isa = PBXGroup;
			children = (
			);
			path = Resources;
			sourceTree = "<group>";
		};
		A0BB589D2C239A5F00C828EB /* App */ = {
			isa = PBXGroup;
			children = (
				A0BB586C2C23938D00C828EB /* LingoSoundApp.swift */,
			);
			path = App;
			sourceTree = "<group>";
		};
		A0BB589E2C239A6700C828EB /* Models */ = {
			isa = PBXGroup;
			children = (
				A0BB58A42C252E2400C828EB /* Account.swift */,
			);
			path = Models;
			sourceTree = "<group>";
		};
		A0BB589F2C239A9800C828EB /* Services */ = {
			isa = PBXGroup;
			children = (
				A0BB58A82C2532BC00C828EB /* AuthenticationServices.swift */,
			);
			path = Services;
			sourceTree = "<group>";
		};
		A0BB58A02C239AA100C828EB /* Utilities */ = {
			isa = PBXGroup;
			children = (
				A0BB58A22C24EA2400C828EB /* Constants.swift */,
			);
			path = Utilities;
			sourceTree = "<group>";
		};
		A0BB58A12C239D5A00C828EB /* Account */ = {
			isa = PBXGroup;
			children = (
				A0BB58722C23939000C828EB /* Preview Content */,
				A0BB586E2C23938D00C828EB /* ContentView.swift */,
				A0BB58A62C252ED000C828EB /* AccountViewModel.swift */,
			);
			path = Account;
			sourceTree = "<group>";
		};
/* End PBXGroup section */

/* Begin PBXNativeTarget section */
		A0BB58682C23938D00C828EB /* LingoSound */ = {
			isa = PBXNativeTarget;
			buildConfigurationList = A0BB58922C23939100C828EB /* Build configuration list for PBXNativeTarget "LingoSound" */;
			buildPhases = (
				A0BB58652C23938D00C828EB /* Sources */,
				A0BB58662C23938D00C828EB /* Frameworks */,
				A0BB58672C23938D00C828EB /* Resources */,
			);
			buildRules = (
			);
			dependencies = (
			);
			name = LingoSound;
			productName = LingoSound;
			productReference = A0BB58692C23938D00C828EB /* LingoSound.app */;
			productType = "com.apple.product-type.application";
		};
		A0BB587D2C23939000C828EB /* LingoSoundTests */ = {
			isa = PBXNativeTarget;
			buildConfigurationList = A0BB58952C23939100C828EB /* Build configuration list for PBXNativeTarget "LingoSoundTests" */;
			buildPhases = (
				A0BB587A2C23939000C828EB /* Sources */,
				A0BB587B2C23939000C828EB /* Frameworks */,
				A0BB587C2C23939000C828EB /* Resources */,
			);
			buildRules = (
			);
			dependencies = (
				A0BB58802C23939000C828EB /* PBXTargetDependency */,
			);
			name = LingoSoundTests;
			productName = LingoSoundTests;
			productReference = A0BB587E2C23939000C828EB /* LingoSoundTests.xctest */;
			productType = "com.apple.product-type.bundle.unit-test";
		};
		A0BB58872C23939100C828EB /* LingoSoundUITests */ = {
			isa = PBXNativeTarget;
			buildConfigurationList = A0BB58982C23939100C828EB /* Build configuration list for PBXNativeTarget "LingoSoundUITests" */;
			buildPhases = (
				A0BB58842C23939100C828EB /* Sources */,
				A0BB58852C23939100C828EB /* Frameworks */,
				A0BB58862C23939100C828EB /* Resources */,
			);
			buildRules = (
			);
			dependencies = (
				A0BB588A2C23939100C828EB /* PBXTargetDependency */,
			);
			name = LingoSoundUITests;
			productName = LingoSoundUITests;
			productReference = A0BB58882C23939100C828EB /* LingoSoundUITests.xctest */;
			productType = "com.apple.product-type.bundle.ui-testing";
		};
/* End PBXNativeTarget section */

/* Begin PBXProject section */
		A0BB58612C23938D00C828EB /* Project object */ = {
			isa = PBXProject;
			attributes = {
				BuildIndependentTargetsInParallel = 1;
				LastSwiftUpdateCheck = 1510;
				LastUpgradeCheck = 1510;
				TargetAttributes = {
					A0BB58682C23938D00C828EB = {
						CreatedOnToolsVersion = 15.1;
					};
					A0BB587D2C23939000C828EB = {
						CreatedOnToolsVersion = 15.1;
						TestTargetID = A0BB58682C23938D00C828EB;
					};
					A0BB58872C23939100C828EB = {
						CreatedOnToolsVersion = 15.1;
						TestTargetID = A0BB58682C23938D00C828EB;
					};
				};
			};
			buildConfigurationList = A0BB58642C23938D00C828EB /* Build configuration list for PBXProject "LingoSound" */;
			compatibilityVersion = "Xcode 14.0";
			developmentRegion = en;
			hasScannedForEncodings = 0;
			knownRegions = (
				en,
				Base,
			);
			mainGroup = A0BB58602C23938D00C828EB;
			productRefGroup = A0BB586A2C23938D00C828EB /* Products */;
			projectDirPath = "";
			projectRoot = "";
			targets = (
				A0BB58682C23938D00C828EB /* LingoSound */,
				A0BB587D2C23939000C828EB /* LingoSoundTests */,
				A0BB58872C23939100C828EB /* LingoSoundUITests */,
			);
		};
/* End PBXProject section */

/* Begin PBXResourcesBuildPhase section */
		A0BB58672C23938D00C828EB /* Resources */ = {
			isa = PBXResourcesBuildPhase;
			buildActionMask = 2147483647;
			files = (
				A0BB58742C23939000C828EB /* Preview Assets.xcassets in Resources */,
				A0BB58712C23939000C828EB /* Assets.xcassets in Resources */,
			);
			runOnlyForDeploymentPostprocessing = 0;
		};
		A0BB587C2C23939000C828EB /* Resources */ = {
			isa = PBXResourcesBuildPhase;
			buildActionMask = 2147483647;
			files = (
			);
			runOnlyForDeploymentPostprocessing = 0;
		};
		A0BB58862C23939100C828EB /* Resources */ = {
			isa = PBXResourcesBuildPhase;
			buildActionMask = 2147483647;
			files = (
			);
			runOnlyForDeploymentPostprocessing = 0;
		};
/* End PBXResourcesBuildPhase section */

/* Begin PBXSourcesBuildPhase section */
		A0BB58652C23938D00C828EB /* Sources */ = {
			isa = PBXSourcesBuildPhase;
			buildActionMask = 2147483647;
			files = (
				A0BB58A32C24EA2400C828EB /* Constants.swift in Sources */,
				A0BB58A72C252ED000C828EB /* AccountViewModel.swift in Sources */,
				A0BB58762C23939000C828EB /* Persistence.swift in Sources */,
				A0BB58A92C2532BC00C828EB /* AuthenticationServices.swift in Sources */,
				A0BB58792C23939000C828EB /* LingoSound.xcdatamodeld in Sources */,
				A0BB586F2C23938D00C828EB /* ContentView.swift in Sources */,
				A0BB586D2C23938D00C828EB /* LingoSoundApp.swift in Sources */,
				A0BB58A52C252E2400C828EB /* Account.swift in Sources */,
			);
			runOnlyForDeploymentPostprocessing = 0;
		};
		A0BB587A2C23939000C828EB /* Sources */ = {
			isa = PBXSourcesBuildPhase;
			buildActionMask = 2147483647;
			files = (
				A0BB58832C23939000C828EB /* LingoSoundTests.swift in Sources */,
			);
			runOnlyForDeploymentPostprocessing = 0;
		};
		A0BB58842C23939100C828EB /* Sources */ = {
			isa = PBXSourcesBuildPhase;
			buildActionMask = 2147483647;
			files = (
				A0BB588F2C23939100C828EB /* LingoSoundUITestsLaunchTests.swift in Sources */,
				A0BB588D2C23939100C828EB /* LingoSoundUITests.swift in Sources */,
			);
			runOnlyForDeploymentPostprocessing = 0;
		};
/* End PBXSourcesBuildPhase section */

/* Begin PBXTargetDependency section */
		A0BB58802C23939000C828EB /* PBXTargetDependency */ = {
			isa = PBXTargetDependency;
			target = A0BB58682C23938D00C828EB /* LingoSound */;
			targetProxy = A0BB587F2C23939000C828EB /* PBXContainerItemProxy */;
		};
		A0BB588A2C23939100C828EB /* PBXTargetDependency */ = {
			isa = PBXTargetDependency;
			target = A0BB58682C23938D00C828EB /* LingoSound */;
			targetProxy = A0BB58892C23939100C828EB /* PBXContainerItemProxy */;
		};
/* End PBXTargetDependency section */

/* Begin XCBuildConfiguration section */
		A0BB58902C23939100C828EB /* Debug */ = {
			isa = XCBuildConfiguration;
			buildSettings = {
				ALWAYS_SEARCH_USER_PATHS = NO;
				ASSETCATALOG_COMPILER_GENERATE_SWIFT_ASSET_SYMBOL_EXTENSIONS = YES;
				CLANG_ANALYZER_NONNULL = YES;
				CLANG_ANALYZER_NUMBER_OBJECT_CONVERSION = YES_AGGRESSIVE;
				CLANG_CXX_LANGUAGE_STANDARD = "gnu++20";
				CLANG_ENABLE_MODULES = YES;
				CLANG_ENABLE_OBJC_ARC = YES;
				CLANG_ENABLE_OBJC_WEAK = YES;
				CLANG_WARN_BLOCK_CAPTURE_AUTORELEASING = YES;
				CLANG_WARN_BOOL_CONVERSION = YES;
				CLANG_WARN_COMMA = YES;
				CLANG_WARN_CONSTANT_CONVERSION = YES;
				CLANG_WARN_DEPRECATED_OBJC_IMPLEMENTATIONS = YES;
				CLANG_WARN_DIRECT_OBJC_ISA_USAGE = YES_ERROR;
				CLANG_WARN_DOCUMENTATION_COMMENTS = YES;
				CLANG_WARN_EMPTY_BODY = YES;
				CLANG_WARN_ENUM_CONVERSION = YES;
				CLANG_WARN_INFINITE_RECURSION = YES;
				CLANG_WARN_INT_CONVERSION = YES;
				CLANG_WARN_NON_LITERAL_NULL_CONVERSION = YES;
				CLANG_WARN_OBJC_IMPLICIT_RETAIN_SELF = YES;
				CLANG_WARN_OBJC_LITERAL_CONVERSION = YES;
				CLANG_WARN_OBJC_ROOT_CLASS = YES_ERROR;
				CLANG_WARN_QUOTED_INCLUDE_IN_FRAMEWORK_HEADER = YES;
				CLANG_WARN_RANGE_LOOP_ANALYSIS = YES;
				CLANG_WARN_STRICT_PROTOTYPES = YES;
				CLANG_WARN_SUSPICIOUS_MOVE = YES;
				CLANG_WARN_UNGUARDED_AVAILABILITY = YES_AGGRESSIVE;
				CLANG_WARN_UNREACHABLE_CODE = YES;
				CLANG_WARN__DUPLICATE_METHOD_MATCH = YES;
				COPY_PHASE_STRIP = NO;
				DEBUG_INFORMATION_FORMAT = dwarf;
				ENABLE_STRICT_OBJC_MSGSEND = YES;
				ENABLE_TESTABILITY = YES;
				ENABLE_USER_SCRIPT_SANDBOXING = YES;
				GCC_C_LANGUAGE_STANDARD = gnu17;
				GCC_DYNAMIC_NO_PIC = NO;
				GCC_NO_COMMON_BLOCKS = YES;
				GCC_OPTIMIZATION_LEVEL = 0;
				GCC_PREPROCESSOR_DEFINITIONS = (
					"DEBUG=1",
					"$(inherited)",
				);
				GCC_WARN_64_TO_32_BIT_CONVERSION = YES;
				GCC_WARN_ABOUT_RETURN_TYPE = YES_ERROR;
				GCC_WARN_UNDECLARED_SELECTOR = YES;
				GCC_WARN_UNINITIALIZED_AUTOS = YES_AGGRESSIVE;
				GCC_WARN_UNUSED_FUNCTION = YES;
				GCC_WARN_UNUSED_VARIABLE = YES;
				IPHONEOS_DEPLOYMENT_TARGET = 17.2;
				LOCALIZATION_PREFERS_STRING_CATALOGS = YES;
				MTL_ENABLE_DEBUG_INFO = INCLUDE_SOURCE;
				MTL_FAST_MATH = YES;
				ONLY_ACTIVE_ARCH = YES;
				SDKROOT = iphoneos;
				SWIFT_ACTIVE_COMPILATION_CONDITIONS = "DEBUG $(inherited)";
				SWIFT_OPTIMIZATION_LEVEL = "-Onone";
			};
			name = Debug;
		};
		A0BB58912C23939100C828EB /* Release */ = {
			isa = XCBuildConfiguration;
			buildSettings = {
				ALWAYS_SEARCH_USER_PATHS = NO;
				ASSETCATALOG_COMPILER_GENERATE_SWIFT_ASSET_SYMBOL_EXTENSIONS = YES;
				CLANG_ANALYZER_NONNULL = YES;
				CLANG_ANALYZER_NUMBER_OBJECT_CONVERSION = YES_AGGRESSIVE;
				CLANG_CXX_LANGUAGE_STANDARD = "gnu++20";
				CLANG_ENABLE_MODULES = YES;
				CLANG_ENABLE_OBJC_ARC = YES;
				CLANG_ENABLE_OBJC_WEAK = YES;
				CLANG_WARN_BLOCK_CAPTURE_AUTORELEASING = YES;
				CLANG_WARN_BOOL_CONVERSION = YES;
				CLANG_WARN_COMMA = YES;
				CLANG_WARN_CONSTANT_CONVERSION = YES;
				CLANG_WARN_DEPRECATED_OBJC_IMPLEMENTATIONS = YES;
				CLANG_WARN_DIRECT_OBJC_ISA_USAGE = YES_ERROR;
				CLANG_WARN_DOCUMENTATION_COMMENTS = YES;
				CLANG_WARN_EMPTY_BODY = YES;
				CLANG_WARN_ENUM_CONVERSION = YES;
				CLANG_WARN_INFINITE_RECURSION = YES;
				CLANG_WARN_INT_CONVERSION = YES;
				CLANG_WARN_NON_LITERAL_NULL_CONVERSION = YES;
				CLANG_WARN_OBJC_IMPLICIT_RETAIN_SELF = YES;
				CLANG_WARN_OBJC_LITERAL_CONVERSION = YES;
				CLANG_WARN_OBJC_ROOT_CLASS = YES_ERROR;
				CLANG_WARN_QUOTED_INCLUDE_IN_FRAMEWORK_HEADER = YES;
				CLANG_WARN_RANGE_LOOP_ANALYSIS = YES;
				CLANG_WARN_STRICT_PROTOTYPES = YES;
				CLANG_WARN_SUSPICIOUS_MOVE = YES;
				CLANG_WARN_UNGUARDED_AVAILABILITY = YES_AGGRESSIVE;
				CLANG_WARN_UNREACHABLE_CODE = YES;
				CLANG_WARN__DUPLICATE_METHOD_MATCH = YES;
				COPY_PHASE_STRIP = NO;
				DEBUG_INFORMATION_FORMAT = "dwarf-with-dsym";
				ENABLE_NS_ASSERTIONS = NO;
				ENABLE_STRICT_OBJC_MSGSEND = YES;
				ENABLE_USER_SCRIPT_SANDBOXING = YES;
				GCC_C_LANGUAGE_STANDARD = gnu17;
				GCC_NO_COMMON_BLOCKS = YES;
				GCC_WARN_64_TO_32_BIT_CONVERSION = YES;
				GCC_WARN_ABOUT_RETURN_TYPE = YES_ERROR;
				GCC_WARN_UNDECLARED_SELECTOR = YES;
				GCC_WARN_UNINITIALIZED_AUTOS = YES_AGGRESSIVE;
				GCC_WARN_UNUSED_FUNCTION = YES;
				GCC_WARN_UNUSED_VARIABLE = YES;
				IPHONEOS_DEPLOYMENT_TARGET = 17.2;
				LOCALIZATION_PREFERS_STRING_CATALOGS = YES;
				MTL_ENABLE_DEBUG_INFO = NO;
				MTL_FAST_MATH = YES;
				SDKROOT = iphoneos;
				SWIFT_COMPILATION_MODE = wholemodule;
				VALIDATE_PRODUCT = YES;
			};
			name = Release;
		};
		A0BB58932C23939100C828EB /* Debug */ = {
			isa = XCBuildConfiguration;
			buildSettings = {
				ASSETCATALOG_COMPILER_APPICON_NAME = AppIcon;
				ASSETCATALOG_COMPILER_GLOBAL_ACCENT_COLOR_NAME = AccentColor;
				CODE_SIGN_STYLE = Automatic;
				CURRENT_PROJECT_VERSION = 1;
				DEVELOPMENT_ASSET_PATHS = "\"LingoSound/Preview Content\"";
				DEVELOPMENT_TEAM = TR3J5S5CGX;
				ENABLE_PREVIEWS = YES;
				GENERATE_INFOPLIST_FILE = YES;
				INFOPLIST_KEY_UIApplicationSceneManifest_Generation = YES;
				INFOPLIST_KEY_UIApplicationSupportsIndirectInputEvents = YES;
				INFOPLIST_KEY_UILaunchScreen_Generation = YES;
				INFOPLIST_KEY_UISupportedInterfaceOrientations_iPad = "UIInterfaceOrientationPortrait UIInterfaceOrientationPortraitUpsideDown UIInterfaceOrientationLandscapeLeft UIInterfaceOrientationLandscapeRight";
				INFOPLIST_KEY_UISupportedInterfaceOrientations_iPhone = "UIInterfaceOrientationPortrait UIInterfaceOrientationLandscapeLeft UIInterfaceOrientationLandscapeRight";
				LD_RUNPATH_SEARCH_PATHS = (
					"$(inherited)",
					"@executable_path/Frameworks",
				);
				MARKETING_VERSION = 1.0;
				PRODUCT_BUNDLE_IDENTIFIER = com.hieunguyen.LingoSound;
				PRODUCT_NAME = "$(TARGET_NAME)";
				SWIFT_EMIT_LOC_STRINGS = YES;
				SWIFT_VERSION = 5.0;
				TARGETED_DEVICE_FAMILY = "1,2";
			};
			name = Debug;
		};
		A0BB58942C23939100C828EB /* Release */ = {
			isa = XCBuildConfiguration;
			buildSettings = {
				ASSETCATALOG_COMPILER_APPICON_NAME = AppIcon;
				ASSETCATALOG_COMPILER_GLOBAL_ACCENT_COLOR_NAME = AccentColor;
				CODE_SIGN_STYLE = Automatic;
				CURRENT_PROJECT_VERSION = 1;
				DEVELOPMENT_ASSET_PATHS = "\"LingoSound/Preview Content\"";
				DEVELOPMENT_TEAM = TR3J5S5CGX;
				ENABLE_PREVIEWS = YES;
				GENERATE_INFOPLIST_FILE = YES;
				INFOPLIST_KEY_UIApplicationSceneManifest_Generation = YES;
				INFOPLIST_KEY_UIApplicationSupportsIndirectInputEvents = YES;
				INFOPLIST_KEY_UILaunchScreen_Generation = YES;
				INFOPLIST_KEY_UISupportedInterfaceOrientations_iPad = "UIInterfaceOrientationPortrait UIInterfaceOrientationPortraitUpsideDown UIInterfaceOrientationLandscapeLeft UIInterfaceOrientationLandscapeRight";
				INFOPLIST_KEY_UISupportedInterfaceOrientations_iPhone = "UIInterfaceOrientationPortrait UIInterfaceOrientationLandscapeLeft UIInterfaceOrientationLandscapeRight";
				LD_RUNPATH_SEARCH_PATHS = (
					"$(inherited)",
					"@executable_path/Frameworks",
				);
				MARKETING_VERSION = 1.0;
				PRODUCT_BUNDLE_IDENTIFIER = com.hieunguyen.LingoSound;
				PRODUCT_NAME = "$(TARGET_NAME)";
				SWIFT_EMIT_LOC_STRINGS = YES;
				SWIFT_VERSION = 5.0;
				TARGETED_DEVICE_FAMILY = "1,2";
			};
			name = Release;
		};
		A0BB58962C23939100C828EB /* Debug */ = {
			isa = XCBuildConfiguration;
			buildSettings = {
				ALWAYS_EMBED_SWIFT_STANDARD_LIBRARIES = YES;
				BUNDLE_LOADER = "$(TEST_HOST)";
				CODE_SIGN_STYLE = Automatic;
				CURRENT_PROJECT_VERSION = 1;
				DEVELOPMENT_TEAM = TR3J5S5CGX;
				GENERATE_INFOPLIST_FILE = YES;
				IPHONEOS_DEPLOYMENT_TARGET = 17.2;
				MARKETING_VERSION = 1.0;
				PRODUCT_BUNDLE_IDENTIFIER = com.hieunguyen.LingoSoundTests;
				PRODUCT_NAME = "$(TARGET_NAME)";
				SWIFT_EMIT_LOC_STRINGS = NO;
				SWIFT_VERSION = 5.0;
				TARGETED_DEVICE_FAMILY = "1,2";
				TEST_HOST = "$(BUILT_PRODUCTS_DIR)/LingoSound.app/$(BUNDLE_EXECUTABLE_FOLDER_PATH)/LingoSound";
			};
			name = Debug;
		};
		A0BB58972C23939100C828EB /* Release */ = {
			isa = XCBuildConfiguration;
			buildSettings = {
				ALWAYS_EMBED_SWIFT_STANDARD_LIBRARIES = YES;
				BUNDLE_LOADER = "$(TEST_HOST)";
				CODE_SIGN_STYLE = Automatic;
				CURRENT_PROJECT_VERSION = 1;
				DEVELOPMENT_TEAM = TR3J5S5CGX;
				GENERATE_INFOPLIST_FILE = YES;
				IPHONEOS_DEPLOYMENT_TARGET = 17.2;
				MARKETING_VERSION = 1.0;
				PRODUCT_BUNDLE_IDENTIFIER = com.hieunguyen.LingoSoundTests;
				PRODUCT_NAME = "$(TARGET_NAME)";
				SWIFT_EMIT_LOC_STRINGS = NO;
				SWIFT_VERSION = 5.0;
				TARGETED_DEVICE_FAMILY = "1,2";
				TEST_HOST = "$(BUILT_PRODUCTS_DIR)/LingoSound.app/$(BUNDLE_EXECUTABLE_FOLDER_PATH)/LingoSound";
			};
			name = Release;
		};
		A0BB58992C23939100C828EB /* Debug */ = {
			isa = XCBuildConfiguration;
			buildSettings = {
				ALWAYS_EMBED_SWIFT_STANDARD_LIBRARIES = YES;
				CODE_SIGN_STYLE = Automatic;
				CURRENT_PROJECT_VERSION = 1;
				DEVELOPMENT_TEAM = TR3J5S5CGX;
				GENERATE_INFOPLIST_FILE = YES;
				MARKETING_VERSION = 1.0;
				PRODUCT_BUNDLE_IDENTIFIER = com.hieunguyen.LingoSoundUITests;
				PRODUCT_NAME = "$(TARGET_NAME)";
				SWIFT_EMIT_LOC_STRINGS = NO;
				SWIFT_VERSION = 5.0;
				TARGETED_DEVICE_FAMILY = "1,2";
				TEST_TARGET_NAME = LingoSound;
			};
			name = Debug;
		};
		A0BB589A2C23939100C828EB /* Release */ = {
			isa = XCBuildConfiguration;
			buildSettings = {
				ALWAYS_EMBED_SWIFT_STANDARD_LIBRARIES = YES;
				CODE_SIGN_STYLE = Automatic;
				CURRENT_PROJECT_VERSION = 1;
				DEVELOPMENT_TEAM = TR3J5S5CGX;
				GENERATE_INFOPLIST_FILE = YES;
				MARKETING_VERSION = 1.0;
				PRODUCT_BUNDLE_IDENTIFIER = com.hieunguyen.LingoSoundUITests;
				PRODUCT_NAME = "$(TARGET_NAME)";
				SWIFT_EMIT_LOC_STRINGS = NO;
				SWIFT_VERSION = 5.0;
				TARGETED_DEVICE_FAMILY = "1,2";
				TEST_TARGET_NAME = LingoSound;
			};
			name = Release;
		};
/* End XCBuildConfiguration section */

/* Begin XCConfigurationList section */
		A0BB58642C23938D00C828EB /* Build configuration list for PBXProject "LingoSound" */ = {
			isa = XCConfigurationList;
			buildConfigurations = (
				A0BB58902C23939100C828EB /* Debug */,
				A0BB58912C23939100C828EB /* Release */,
			);
			defaultConfigurationIsVisible = 0;
			defaultConfigurationName = Release;
		};
		A0BB58922C23939100C828EB /* Build configuration list for PBXNativeTarget "LingoSound" */ = {
			isa = XCConfigurationList;
			buildConfigurations = (
				A0BB58932C23939100C828EB /* Debug */,
				A0BB58942C23939100C828EB /* Release */,
			);
			defaultConfigurationIsVisible = 0;
			defaultConfigurationName = Release;
		};
		A0BB58952C23939100C828EB /* Build configuration list for PBXNativeTarget "LingoSoundTests" */ = {
			isa = XCConfigurationList;
			buildConfigurations = (
				A0BB58962C23939100C828EB /* Debug */,
				A0BB58972C23939100C828EB /* Release */,
			);
			defaultConfigurationIsVisible = 0;
			defaultConfigurationName = Release;
		};
		A0BB58982C23939100C828EB /* Build configuration list for PBXNativeTarget "LingoSoundUITests" */ = {
			isa = XCConfigurationList;
			buildConfigurations = (
				A0BB58992C23939100C828EB /* Debug */,
				A0BB589A2C23939100C828EB /* Release */,
			);
			defaultConfigurationIsVisible = 0;
			defaultConfigurationName = Release;
		};
/* End XCConfigurationList section */

/* Begin XCVersionGroup section */
		A0BB58772C23939000C828EB /* LingoSound.xcdatamodeld */ = {
			isa = XCVersionGroup;
			children = (
				A0BB58782C23939000C828EB /* LingoSound.xcdatamodel */,
			);
			currentVersion = A0BB58782C23939000C828EB /* LingoSound.xcdatamodel */;
			path = LingoSound.xcdatamodeld;
			sourceTree = "<group>";
			versionGroupType = wrapper.xcdatamodel;
		};
/* End XCVersionGroup section */
	};
	rootObject = A0BB58612C23938D00C828EB /* Project object */;
}
